
Microsoft Visual Studio Solution File, Format Version 12.00
# Visual Studio 14
VisualStudioVersion = 14.0.25420.1
MinimumVisualStudioVersion = 10.0.40219.1
Project("{FAE04EC0-301F-11D3-BF4B-00C04F79EFBC}") = "Forum", "Forum\Forum.csproj", "{1A443ABC-418A-422E-B290-D1115517D985}"
EndProject
Project("{FAE04EC0-301F-11D3-BF4B-00C04F79EFBC}") = "SecurityManager", "SecurityManager\SecurityManager.csproj", "{35D5E70E-6849-4BA7-A6C9-417C596F6BC3}"
EndProject
Project("{FAE04EC0-301F-11D3-BF4B-00C04F79EFBC}") = "ServiceApp", "ServiceApp\ServiceApp.csproj", "{35917B92-9897-471E-BF70-7CD93FFAB860}"
EndProject
Project("{FAE04EC0-301F-11D3-BF4B-00C04F79EFBC}") = "Contracts", "Contracts\Contracts.csproj", "{F9455C09-FDC2-46C1-96CF-0213324059FB}"
EndProject
Project("{FAE04EC0-301F-11D3-BF4B-00C04F79EFBC}") = "ClientApp", "ClientApp\ClientApp.csproj", "{D38AA47B-E9F1-4640-9174-1CEB01D3AA6C}"
EndProject
Global
	GlobalSection(SolutionConfigurationPlatforms) = preSolution
		Debug|Any CPU = Debug|Any CPU
		Release|Any CPU = Release|Any CPU
	EndGlobalSection
	GlobalSection(ProjectConfigurationPlatforms) = postSolution
		{1A443ABC-418A-422E-B290-D1115517D985}.Debug|Any CPU.ActiveCfg = Debug|Any CPU
		{1A443ABC-418A-422E-B290-D1115517D985}.Debug|Any CPU.Build.0 = Debug|Any CPU
		{1A443ABC-418A-422E-B290-D1115517D985}.Release|Any CPU.ActiveCfg = Release|Any CPU
		{1A443ABC-418A-422E-B290-D1115517D985}.Release|Any CPU.Build.0 = Release|Any CPU
		{35D5E70E-6849-4BA7-A6C9-417C596F6BC3}.Debug|Any CPU.ActiveCfg = Debug|Any CPU
		{35D5E70E-6849-4BA7-A6C9-417C596F6BC3}.Debug|Any CPU.Build.0 = Debug|Any CPU
		{35D5E70E-6849-4BA7-A6C9-417C596F6BC3}.Release|Any CPU.ActiveCfg = Release|Any CPU
		{35D5E70E-6849-4BA7-A6C9-417C596F6BC3}.Release|Any CPU.Build.0 = Release|Any CPU
		{35917B92-9897-471E-BF70-7CD93FFAB860}.Debug|Any CPU.ActiveCfg = Debug|Any CPU
		{35917B92-9897-471E-BF70-7CD93FFAB860}.Debug|Any CPU.Build.0 = Debug|Any CPU
		{35917B92-9897-471E-BF70-7CD93FFAB860}.Release|Any CPU.ActiveCfg = Release|Any CPU
		{35917B92-9897-471E-BF70-7CD93FFAB860}.Release|Any CPU.Build.0 = Release|Any CPU
		{F9455C09-FDC2-46C1-96CF-0213324059FB}.Debug|Any CPU.ActiveCfg = Debug|Any CPU
		{F9455C09-FDC2-46C1-96CF-0213324059FB}.Debug|Any CPU.Build.0 = Debug|Any CPU
		{F9455C09-FDC2-46C1-96CF-0213324059FB}.Release|Any CPU.ActiveCfg = Release|Any CPU
		{F9455C09-FDC2-46C1-96CF-0213324059FB}.Release|Any CPU.Build.0 = Release|Any CPU
		{D38AA47B-E9F1-4640-9174-1CEB01D3AA6C}.Debug|Any CPU.ActiveCfg = Debug|Any CPU
		{D38AA47B-E9F1-4640-9174-1CEB01D3AA6C}.Debug|Any CPU.Build.0 = Debug|Any CPU
		{D38AA47B-E9F1-4640-9174-1CEB01D3AA6C}.Release|Any CPU.ActiveCfg = Release|Any CPU
		{D38AA47B-E9F1-4640-9174-1CEB01D3AA6C}.Release|Any CPU.Build.0 = Release|Any CPU
	EndGlobalSection
	GlobalSection(SolutionProperties) = preSolution
		HideSolutionNode = FALSE
	EndGlobalSection
EndGlobal
